{
  "version": 4,
  "terraform_version": "1.0.11",
  "serial": 38,
  "lineage": "d8ff1f1a-0b5a-4a8d-3d84-717306812da9",
  "outputs": {
    "resource_group": {
      "value": "pgmhh2-resources-test",
      "type": "string"
    },
    "server_name": {
      "value": "pgmhh2-pgss-test",
      "type": "string"
    }
  },
  "resources": [
    {
      "module": "module.log_analytics",
      "mode": "managed",
      "type": "azurerm_log_analytics_workspace",
      "name": "main",
      "provider": "provider[\"registry.terraform.io/hashicorp/azurerm\"]",
      "instances": [
        {
          "schema_version": 2,
          "attributes": {
            "daily_quota_gb": -1,
            "id": "/subscriptions/6dd629d1-f516-4323-8fd5-c0bc212e6c0f/resourceGroups/pgmhh2-resources-test/providers/Microsoft.OperationalInsights/workspaces/pgmhh2-logs-test",
            "internet_ingestion_enabled": true,
            "internet_query_enabled": true,
            "location": "uksouth",
            "name": "pgmhh2-logs-test",
            "portal_url": "",
            "primary_shared_key": "Y/a2kt7kX7K3JGO8PQ64+S6XdfswKcO4md5R/mYjDGDIpXToABytVULO1Tu9qnkx8yBOd8AjG7hCzzoaWlrIfg==",
            "reservation_capcity_in_gb_per_day": null,
            "resource_group_name": "pgmhh2-resources-test",
            "retention_in_days": 30,
            "secondary_shared_key": "++f3Bqx/34g88gxypcmn/jgma0V9Z6NkFBhO7N6muL0ih/6YbVyTvrUs7nX2MIm1EhqxFBh18BY+OsBlyCpgtw==",
            "sku": "pergb2018",
            "tags": {
              "project": "pgmhh2"
            },
            "timeouts": null,
            "workspace_id": "c2ce6000-d105-4b4f-b48a-d57d1c159d50"
          },
          "sensitive_attributes": [],
          "private": "eyJlMmJmYjczMC1lY2FhLTExZTYtOGY4OC0zNDM2M2JjN2M0YzAiOnsiY3JlYXRlIjoxODAwMDAwMDAwMDAwLCJkZWxldGUiOjE4MDAwMDAwMDAwMDAsInJlYWQiOjMwMDAwMDAwMDAwMCwidXBkYXRlIjoxODAwMDAwMDAwMDAwfSwic2NoZW1hX3ZlcnNpb24iOiIyIn0=",
          "dependencies": [
            "module.resource_group.azurerm_resource_group.main"
          ]
        }
      ]
    },
    {
      "module": "module.postgresql",
      "mode": "managed",
      "type": "azurerm_monitor_diagnostic_setting",
      "name": "diagnostic_settings",
      "provider": "provider[\"registry.terraform.io/hashicorp/azurerm\"]",
      "instances": [
        {
          "schema_version": 0,
          "attributes": {
            "eventhub_authorization_rule_id": "",
            "eventhub_name": "",
            "id": "/subscriptions/6dd629d1-f516-4323-8fd5-c0bc212e6c0f/resourceGroups/pgmhh2-resources-test/providers/Microsoft.DBforPostgreSQL/servers/pgmhh2-pgss-test|diagnosticSettings",
            "log": [
              {
                "category": "PostgreSQLLogs",
                "enabled": true,
                "retention_policy": [
                  {
                    "days": null,
                    "enabled": false
                  }
                ]
              }
            ],
            "log_analytics_destination_type": "",
            "log_analytics_workspace_id": "/subscriptions/6dd629d1-f516-4323-8fd5-c0bc212e6c0f/resourceGroups/pgmhh2-resources-test/providers/Microsoft.OperationalInsights/workspaces/pgmhh2-logs-test",
            "metric": [
              {
                "category": "AllMetrics",
                "enabled": true,
                "retention_policy": [
                  {
                    "days": null,
                    "enabled": false
                  }
                ]
              }
            ],
            "name": "diagnosticSettings",
            "storage_account_id": "",
            "target_resource_id": "/subscriptions/6dd629d1-f516-4323-8fd5-c0bc212e6c0f/resourceGroups/pgmhh2-resources-test/providers/Microsoft.DBforPostgreSQL/servers/pgmhh2-pgss-test",
            "timeouts": null
          },
          "sensitive_attributes": [],
          "private": "eyJlMmJmYjczMC1lY2FhLTExZTYtOGY4OC0zNDM2M2JjN2M0YzAiOnsiY3JlYXRlIjoxODAwMDAwMDAwMDAwLCJkZWxldGUiOjM2MDAwMDAwMDAwMDAsInJlYWQiOjMwMDAwMDAwMDAwMCwidXBkYXRlIjoxODAwMDAwMDAwMDAwfX0=",
          "dependencies": [
            "module.log_analytics.azurerm_log_analytics_workspace.main",
            "module.postgresql.azurerm_postgresql_server.main",
            "module.postgresql.time_sleep.wait_for_postgresql_server",
            "module.resource_group.azurerm_resource_group.main"
          ]
        }
      ]
    },
    {
      "module": "module.postgresql",
      "mode": "managed",
      "type": "azurerm_postgresql_configuration",
      "name": "configuration",
      "provider": "provider[\"registry.terraform.io/hashicorp/azurerm\"]",
      "instances": [
        {
          "index_key": 0,
          "schema_version": 0,
          "attributes": {
            "id": "/subscriptions/6dd629d1-f516-4323-8fd5-c0bc212e6c0f/resourceGroups/pgmhh2-resources-test/providers/Microsoft.DBforPostgreSQL/servers/pgmhh2-pgss-test/configurations/log_line_prefix",
            "name": "log_line_prefix",
            "resource_group_name": "pgmhh2-resources-test",
            "server_name": "pgmhh2-pgss-test",
            "timeouts": null,
            "value": "%m-%p-%l-%u-%d-%a-%h-"
          },
          "sensitive_attributes": [],
          "private": "eyJlMmJmYjczMC1lY2FhLTExZTYtOGY4OC0zNDM2M2JjN2M0YzAiOnsiY3JlYXRlIjoxODAwMDAwMDAwMDAwLCJkZWxldGUiOjE4MDAwMDAwMDAwMDAsInJlYWQiOjMwMDAwMDAwMDAwMCwidXBkYXRlIjoxODAwMDAwMDAwMDAwfX0=",
          "dependencies": [
            "module.postgresql.azurerm_postgresql_server.main",
            "module.postgresql.time_sleep.wait_for_postgresql_server",
            "module.resource_group.azurerm_resource_group.main"
          ]
        },
        {
          "index_key": 1,
          "schema_version": 0,
          "attributes": {
            "id": "/subscriptions/6dd629d1-f516-4323-8fd5-c0bc212e6c0f/resourceGroups/pgmhh2-resources-test/providers/Microsoft.DBforPostgreSQL/servers/pgmhh2-pgss-test/configurations/logging_collector",
            "name": "logging_collector",
            "resource_group_name": "pgmhh2-resources-test",
            "server_name": "pgmhh2-pgss-test",
            "timeouts": null,
            "value": "OFF"
          },
          "sensitive_attributes": [],
          "private": "eyJlMmJmYjczMC1lY2FhLTExZTYtOGY4OC0zNDM2M2JjN2M0YzAiOnsiY3JlYXRlIjoxODAwMDAwMDAwMDAwLCJkZWxldGUiOjE4MDAwMDAwMDAwMDAsInJlYWQiOjMwMDAwMDAwMDAwMCwidXBkYXRlIjoxODAwMDAwMDAwMDAwfX0=",
          "dependencies": [
            "module.postgresql.azurerm_postgresql_server.main",
            "module.postgresql.time_sleep.wait_for_postgresql_server",
            "module.resource_group.azurerm_resource_group.main"
          ]
        }
      ]
    },
    {
      "module": "module.postgresql",
      "mode": "managed",
      "type": "azurerm_postgresql_server",
      "name": "main",
      "provider": "provider[\"registry.terraform.io/hashicorp/azurerm\"]",
      "instances": [
        {
          "schema_version": 0,
          "attributes": {
            "administrator_login": "YD7tHLN6",
            "administrator_login_password": "K{vPf\u003cBJ,E+,v5m1",
            "auto_grow_enabled": true,
            "backup_retention_days": 7,
            "create_mode": "Default",
            "creation_source_server_id": null,
            "fqdn": "pgmhh2-pgss-test.postgres.database.azure.com",
            "geo_redundant_backup_enabled": true,
            "id": "/subscriptions/6dd629d1-f516-4323-8fd5-c0bc212e6c0f/resourceGroups/pgmhh2-resources-test/providers/Microsoft.DBforPostgreSQL/servers/pgmhh2-pgss-test",
            "identity": [],
            "infrastructure_encryption_enabled": false,
            "location": "uksouth",
            "name": "pgmhh2-pgss-test",
            "public_network_access_enabled": false,
            "resource_group_name": "pgmhh2-resources-test",
            "restore_point_in_time": null,
            "sku_name": "GP_Gen5_2",
            "ssl_enforcement": "Enabled",
            "ssl_enforcement_enabled": true,
            "ssl_minimal_tls_version_enforced": "TLS1_2",
            "storage_mb": 102400,
            "storage_profile": [
              {
                "auto_grow": "Enabled",
                "backup_retention_days": 7,
                "geo_redundant_backup": "Enabled",
                "storage_mb": 102400
              }
            ],
            "tags": {
              "project": "pgmhh2"
            },
            "threat_detection_policy": [],
            "timeouts": null,
            "version": "11"
          },
          "sensitive_attributes": [
            [
              {
                "type": "get_attr",
                "value": "administrator_login"
              }
            ],
            [
              {
                "type": "get_attr",
                "value": "administrator_login_password"
              }
            ]
          ],
          "private": "eyJlMmJmYjczMC1lY2FhLTExZTYtOGY4OC0zNDM2M2JjN2M0YzAiOnsiY3JlYXRlIjozNjAwMDAwMDAwMDAwLCJkZWxldGUiOjM2MDAwMDAwMDAwMDAsInJlYWQiOjMwMDAwMDAwMDAwMCwidXBkYXRlIjozNjAwMDAwMDAwMDAwfX0=",
          "dependencies": [
            "module.resource_group.azurerm_resource_group.main"
          ]
        }
      ]
    },
    {
      "module": "module.postgresql",
      "mode": "managed",
      "type": "time_sleep",
      "name": "wait_for_postgresql_server",
      "provider": "provider[\"registry.terraform.io/hashicorp/time\"]",
      "instances": [
        {
          "schema_version": 0,
          "attributes": {
            "create_duration": "60s",
            "destroy_duration": null,
            "id": "2022-01-26T11:04:38Z",
            "triggers": null
          },
          "sensitive_attributes": [],
          "private": "bnVsbA==",
          "dependencies": [
            "module.postgresql.azurerm_postgresql_server.main",
            "module.resource_group.azurerm_resource_group.main"
          ]
        }
      ]
    },
    {
      "module": "module.resource_group",
      "mode": "managed",
      "type": "azurerm_resource_group",
      "name": "main",
      "provider": "provider[\"registry.terraform.io/hashicorp/azurerm\"]",
      "instances": [
        {
          "schema_version": 0,
          "attributes": {
            "id": "/subscriptions/6dd629d1-f516-4323-8fd5-c0bc212e6c0f/resourceGroups/pgmhh2-resources-test",
            "location": "uksouth",
            "name": "pgmhh2-resources-test",
            "tags": {
              "project": "pgmhh2"
            },
            "timeouts": null
          },
          "sensitive_attributes": [],
          "private": "eyJlMmJmYjczMC1lY2FhLTExZTYtOGY4OC0zNDM2M2JjN2M0YzAiOnsiY3JlYXRlIjo1NDAwMDAwMDAwMDAwLCJkZWxldGUiOjU0MDAwMDAwMDAwMDAsInJlYWQiOjMwMDAwMDAwMDAwMCwidXBkYXRlIjo1NDAwMDAwMDAwMDAwfX0="
        }
      ]
    }
  ]
}
